
Microsoft Visual Studio Solution File, Format Version 12.00
# Visual Studio Version 17
VisualStudioVersion = 17.8.34330.188
MinimumVisualStudioVersion = 10.0.40219.1
Project("{FAE04EC0-301F-11D3-BF4B-00C04F79EFBC}") = "WinFormsApp1", "WinFormsApp1\WinFormsApp1.csproj", "{B918151D-8448-42FB-9AE7-9A2AFEB81F9E}"
EndProject
Global
	GlobalSection(SolutionConfigurationPlatforms) = preSolution
		Debug|Any CPU = Debug|Any CPU
		Release|Any CPU = Release|Any CPU
	EndGlobalSection
	GlobalSection(ProjectConfigurationPlatforms) = postSolution
		{B918151D-8448-42FB-9AE7-9A2AFEB81F9E}.Debug|Any CPU.ActiveCfg = Debug|Any CPU
		{B918151D-8448-42FB-9AE7-9A2AFEB81F9E}.Debug|Any CPU.Build.0 = Debug|Any CPU
		{B918151D-8448-42FB-9AE7-9A2AFEB81F9E}.Release|Any CPU.ActiveCfg = Release|Any CPU
		{B918151D-8448-42FB-9AE7-9A2AFEB81F9E}.Release|Any CPU.Build.0 = Release|Any CPU
	EndGlobalSection
	GlobalSection(SolutionProperties) = preSolution
		HideSolutionNode = FALSE
	EndGlobalSection
	GlobalSection(ExtensibilityGlobals) = postSolution
		SolutionGuid = {04E955C2-31B0-4204-8CDB-FDE1B011A9D5}
	EndGlobalSection
EndGlobal
